#MicroXplorer Configuration settings - do not modify
Mcu.Family=STM32F1
ProjectManager.MainLocation=Core/Src
FSMC.AddressSetupTime1=6
RCC.MCOFreq_Value=72000000
SH.FSMC_D1_DA1.0=FSMC_D1,16b-d1
PG6.Signal=GPIO_Input
ProjectManager.KeepUserCode=true
Mcu.UserName=STM32F103ZETx
SPI2.VirtualType=VM_MASTER
PG8.Signal=GPIO_Output
PG6.Locked=true
PG8.Locked=true
RCC.PLLCLKFreq_Value=72000000
PG0.Locked=true
SH.FSMC_NWE.0=FSMC_NWE,Lcd1
PG0.Signal=FSMC_A10
ProjectManager.functionlistsort=1-MX_GPIO_Init-GPIO-false-HAL-true,2-SystemClock_Config-RCC-false-HAL-false,3-MX_TIM3_Init-TIM3-false-HAL-true,4-MX_FSMC_Init-FSMC-false-HAL-true,5-MX_ADC1_Init-ADC1-false-HAL-true,6-MX_USART1_UART_Init-USART1-false-HAL-true,7-MX_SPI2_Init-SPI2-false-HAL-true
SH.FSMC_D0_DA0.0=FSMC_D0,16b-d1
PD8.Locked=true
RCC.ADCFreqValue=12000000
FSMC.ExtendedBusTurnAroundDuration1=0
PD0.Locked=true
PD4.Locked=true
USART1.IPParameters=VirtualMode
PB13.Signal=SPI2_SCK
PB15.Signal=SPI2_MOSI
PinOutPanel.RotationAngle=0
ADC1.Channel-8\#ChannelRegularConversion=ADC_CHANNEL_1
PE5.GPIOParameters=GPIO_Label
RCC.SYSCLKSource=RCC_SYSCLKSOURCE_PLLCLK
ProjectManager.StackSize=0x400
PB5.GPIOParameters=GPIO_Speed,PinState,GPIO_PuPd,GPIO_Label,GPIO_ModeDefaultOutputPP
Mcu.IP4=SPI2
RCC.FCLKCortexFreq_Value=72000000
Mcu.IP5=SYS
Mcu.IP2=NVIC
NVIC.SVCall_IRQn=true\:0\:0\:false\:false\:true\:false\:false
Mcu.IP3=RCC
RCC.SDIOHCLKDiv2FreqValue=36000000
Mcu.IP0=ADC1
Mcu.IP1=FSMC
PE4.GPIOParameters=GPIO_PuPd
PF9.Locked=true
Mcu.UserConstants=
PB0.PinState=GPIO_PIN_SET
Mcu.ThirdPartyNb=0
RCC.SDIOFreq_Value=72000000
PB1.GPIO_PuPd=GPIO_NOPULL
RCC.HCLKFreq_Value=72000000
Mcu.IPNb=8
ProjectManager.PreviousToolchain=
PD4.Signal=FSMC_NOE
RCC.APB2TimFreq_Value=72000000
TIM3.Period=1000-1
PB5.PinState=GPIO_PIN_RESET
PB12.PinState=GPIO_PIN_SET
Mcu.Pin6=OSC_OUT
PD0.Signal=FSMC_D2_DA2
Mcu.Pin7=PA0-WKUP
PD8.Signal=FSMC_D13_DA13
Mcu.Pin8=PA1
PE5.Signal=GPIO_Output
PE10.Locked=true
OSC_OUT.Mode=HSE-External-Oscillator
Mcu.Pin9=PB0
SH.FSMC_A10.0=FSMC_A10,A10_1
OSC_OUT.Signal=RCC_OSC_OUT
RCC.AHBFreq_Value=72000000
SPI2.BaudRatePrescaler=SPI_BAUDRATEPRESCALER_4
Mcu.Pin0=PE3
Mcu.Pin1=PE4
PE14.Locked=true
GPIO.groupedBy=Group By Peripherals
Mcu.Pin2=PE5
Mcu.Pin3=PF9
SH.FSMC_D4_DA4.ConfNb=1
SH.FSMC_D12_DA12.ConfNb=1
Mcu.Pin4=PF10
PA0-WKUP.GPIOParameters=GPIO_PuPd
Mcu.Pin5=OSC_IN
ProjectManager.ProjectBuild=false
NVIC.UsageFault_IRQn=true\:0\:0\:false\:false\:true\:false\:false
NVIC.DebugMonitor_IRQn=true\:0\:0\:false\:false\:true\:false\:false
PB2.Signal=GPIO_Input
PB12.GPIO_ModeDefaultOutputPP=GPIO_MODE_OUTPUT_PP
NVIC.SysTick_IRQn=true\:0\:0\:false\:false\:true\:false\:true
SH.FSMC_D6_DA6.ConfNb=1
RCC.PLLMUL=RCC_PLL_MUL9
ProjectManager.FirmwarePackage=STM32Cube FW_F1 V1.8.3
MxDb.Version=DB.6.0.21
PB0.GPIOParameters=GPIO_Speed,PinState,GPIO_PuPd
PE15.Locked=true
PG6.GPIO_PuPd=GPIO_PULLUP
SH.FSMC_NOE.ConfNb=1
PE13.Signal=FSMC_D10_DA10
ProjectManager.BackupPrevious=false
SH.FSMC_D14_DA14.0=FSMC_D14,16b-d1
SH.FSMC_D10_DA10.0=FSMC_D10,16b-d1
PE9.Signal=FSMC_D6_DA6
PA14.Mode=Serial_Wire
PE8.Locked=true
PB14.Mode=Full_Duplex_Master
PE9.Locked=true
SH.ADCx_IN1.ConfNb=1
TIM3.Prescaler=72-1
PF11.Signal=GPIO_Input
SH.FSMC_D6_DA6.0=FSMC_D6,16b-d1
File.Version=6
PF10.Locked=true
SPI2.CalculateBaudRate=9.0 MBits/s
PE3.GPIOParameters=GPIO_PuPd,GPIO_Mode
SH.FSMC_D9_DA9.ConfNb=1
PE3.Locked=true
FSMC.BusTurnAroundDuration1=0
NVIC.PendSV_IRQn=true\:0\:0\:false\:false\:true\:false\:false
PE10.Signal=FSMC_D7_DA7
PE4.Signal=GPIO_Input
SH.FSMC_D5_DA5.0=FSMC_D5,16b-d1
ProjectManager.HalAssertFull=false
PB0.Locked=true
ProjectManager.ProjectName=BDS2_RX
SH.FSMC_D4_DA4.0=FSMC_D4,16b-d1
RCC.PLLMCOFreq_Value=36000000
Mcu.Package=LQFP144
PB1.Signal=GPIO_Input
SPI2.Mode=SPI_MODE_MASTER
SH.FSMC_D15_DA15.ConfNb=1
RCC.I2S2Freq_Value=72000000
FSMC.IPParameters=ExtendedMode1,AddressSetupTime1,DataSetupTime1,BusTurnAroundDuration1,ExtendedDataSetupTime1,ExtendedAddressSetupTime1,ExtendedBusTurnAroundDuration1
ProjectManager.ToolChainLocation=
PD14.Locked=true
SH.FSMC_D13_DA13.0=FSMC_D13,16b-d1
SH.FSMC_D14_DA14.ConfNb=1
VP_SYS_VS_Systick.Signal=SYS_VS_Systick
PA10.Signal=USART1_RX
PB5.GPIO_Speed=GPIO_SPEED_FREQ_HIGH
SH.ADCx_IN1.0=ADC1_IN1,IN1
PB5.GPIO_Label=led1
SH.FSMC_D3_DA3.0=FSMC_D3,16b-d1
PE3.GPIO_Mode=GPIO_MODE_INPUT
RCC.APB1TimFreq_Value=72000000
NVIC.BusFault_IRQn=true\:0\:0\:false\:false\:true\:false\:false
SH.FSMC_D2_DA2.0=FSMC_D2,16b-d1
SH.FSMC_NWE.ConfNb=1
SPI2.Direction=SPI_DIRECTION_2LINES
PB13.Mode=Full_Duplex_Master
PE7.Signal=FSMC_D4_DA4
PD5.Locked=true
ADC1.SamplingTime-8\#ChannelRegularConversion=ADC_SAMPLETIME_1CYCLE_5
SH.FSMC_D7_DA7.ConfNb=1
PE12.Locked=true
PD15.Signal=FSMC_D1_DA1
ProjectManager.CustomerFirmwarePackage=
VP_TIM3_VS_ClockSourceINT.Mode=Internal
PG12.Signal=FSMC_NE4
RCC.PLLSourceVirtual=RCC_PLLSOURCE_HSE
PB5.GPIO_ModeDefaultOutputPP=GPIO_MODE_OUTPUT_PP
FSMC.ExtendedAddressSetupTime1=3
ProjectManager.ProjectFileName=BDS2_RX.ioc
SH.FSMC_D12_DA12.0=FSMC_D12,16b-d1
PG7.Locked=true
PG7.Signal=GPIO_Output
PA10.Mode=Asynchronous
Mcu.PinsNb=47
ProjectManager.NoMain=false
ADC1.IPParameters=Rank-8\#ChannelRegularConversion,master,Channel-8\#ChannelRegularConversion,SamplingTime-8\#ChannelRegularConversion,NbrOfConversionFlag
FSMC.ExtendedMode1=FSMC_EXTENDED_MODE_ENABLE
ADC1.Rank-8\#ChannelRegularConversion=1
SH.FSMC_D8_DA8.ConfNb=1
PD1.Signal=FSMC_D3_DA3
ProjectManager.DefaultFWLocation=true
SH.FSMC_D9_DA9.0=FSMC_D9,16b-d1
PD9.Signal=FSMC_D14_DA14
PD5.Signal=FSMC_NWE
SH.FSMC_D11_DA11.ConfNb=1
PB12.Locked=true
ProjectManager.DeletePrevious=true
RCC.APB1CLKDivider=RCC_HCLK_DIV2
RCC.FamilyName=M
RCC.I2S3Freq_Value=72000000
PA0-WKUP.Signal=GPIO_Input
PA0-WKUP.Locked=true
SH.FSMC_D8_DA8.0=FSMC_D8,16b-d1
PB0.GPIO_Speed=GPIO_SPEED_FREQ_HIGH
RCC.ADCPresc=RCC_ADCPCLK2_DIV6
PD10.Signal=FSMC_D15_DA15
PA13.Signal=SYS_JTMS-SWDIO
SH.FSMC_D13_DA13.ConfNb=1
PA9.Mode=Asynchronous
ProjectManager.TargetToolchain=STM32CubeIDE
FSMC.DataSetupTime1=26
SH.FSMC_D5_DA5.ConfNb=1
SH.FSMC_A10.ConfNb=1
PA9.Signal=USART1_TX
PE4.Locked=true
PB5.Locked=true
SPI2.IPParameters=VirtualType,Mode,Direction,CalculateBaudRate,BaudRatePrescaler
ProjectManager.RegisterCallBack=
OSC_IN.Signal=RCC_OSC_IN
RCC.USBFreq_Value=72000000
VP_TIM3_VS_ClockSourceINT.Signal=TIM3_VS_ClockSourceINT
PE11.Signal=FSMC_D8_DA8
PA1.Signal=ADCx_IN1
PB12.GPIO_Speed=GPIO_SPEED_FREQ_HIGH
PB1.Locked=true
Mcu.Pin46=VP_TIM3_VS_ClockSourceINT
PB14.Signal=SPI2_MISO
PG6.GPIOParameters=GPIO_PuPd
Mcu.Pin40=PD1
Mcu.Pin41=PD4
Mcu.Pin44=PB5
SH.FSMC_D7_DA7.0=FSMC_D7,16b-d1
Mcu.Pin45=VP_SYS_VS_Systick
FSMC.ExtendedDataSetupTime1=6
Mcu.Pin42=PD5
board=custom
PG12.Mode=NorPsramChipSelect4_1
Mcu.Pin43=PG12
SH.FSMC_D0_DA0.ConfNb=1
ProjectManager.LastFirmware=true
PB15.Mode=Full_Duplex_Master
SH.FSMC_D3_DA3.ConfNb=1
RCC.VCOOutput2Freq_Value=8000000
RCC.APB2Freq_Value=72000000
PE14.Signal=FSMC_D11_DA11
PE15.Signal=FSMC_D12_DA12
MxCube.Version=6.2.1
Mcu.Pin37=PA13
Mcu.Pin38=PA14
Mcu.Pin35=PA9
PE8.Signal=FSMC_D5_DA5
Mcu.Pin36=PA10
PF10.Signal=GPIO_Input
Mcu.Pin39=PD0
Mcu.Pin30=PD14
VP_SYS_VS_Systick.Mode=SysTick
PF11.Locked=true
Mcu.Pin33=PG7
TIM3.IPParameters=Prescaler,Period
PE3.GPIO_PuPd=GPIO_PULLUP
Mcu.Pin34=PG8
Mcu.Pin31=PD15
Mcu.Pin32=PG6
NVIC.NonMaskableInt_IRQn=true\:0\:0\:false\:false\:true\:false\:false
PE5.Locked=true
PE7.Locked=true
PA13.Mode=Serial_Wire
ProjectManager.FreePins=false
RCC.IPParameters=ADCFreqValue,ADCPresc,AHBFreq_Value,APB1CLKDivider,APB1Freq_Value,APB1TimFreq_Value,APB2Freq_Value,APB2TimFreq_Value,FCLKCortexFreq_Value,FSMCFreq_Value,FamilyName,HCLKFreq_Value,I2S2Freq_Value,I2S3Freq_Value,MCOFreq_Value,PLLCLKFreq_Value,PLLMCOFreq_Value,PLLMUL,PLLSourceVirtual,SDIOFreq_Value,SDIOHCLKDiv2FreqValue,SYSCLKFreq_VALUE,SYSCLKSource,TimSysFreq_Value,USBFreq_Value,VCOOutput2Freq_Value
PE11.Locked=true
ProjectManager.AskForMigrate=true
Mcu.Name=STM32F103Z(C-D-E)Tx
PE12.Signal=FSMC_D9_DA9
Mcu.Pin26=PB15
Mcu.Pin27=PD8
Mcu.Pin24=PB13
ProjectManager.UnderRoot=true
PE4.GPIO_PuPd=GPIO_PULLUP
PE13.Locked=true
Mcu.Pin25=PB14
PB2.Locked=true
Mcu.Pin28=PD9
PD14.Signal=FSMC_D0_DA0
Mcu.IP6=TIM3
Mcu.Pin29=PD10
RCC.FSMCFreq_Value=72000000
Mcu.IP7=USART1
ProjectManager.CoupleFile=false
RCC.SYSCLKFreq_VALUE=72000000
Mcu.Pin22=PE15
PG7.GPIO_ModeDefaultOutputPP=GPIO_MODE_OUTPUT_PP
PB5.Signal=GPIO_Output
Mcu.Pin23=PB12
RCC.TimSysFreq_Value=72000000
Mcu.Pin20=PE13
ADC1.master=1
Mcu.Pin21=PE14
PD10.Locked=true
NVIC.ForceEnableDMAVector=true
KeepUserPlacement=false
PG12.Locked=true
OSC_IN.Mode=HSE-External-Oscillator
PB5.GPIO_PuPd=GPIO_PULLDOWN
NVIC.MemoryManagement_IRQn=true\:0\:0\:false\:false\:true\:false\:false
PE5.GPIO_Label=led2
USART1.VirtualMode=VM_ASYNC
ProjectManager.CompilerOptimize=6
PD15.Locked=true
SH.FSMC_D15_DA15.0=FSMC_D15,16b-d1
PA14.Signal=SYS_JTCK-SWCLK
ProjectManager.HeapSize=0x200
Mcu.Pin15=PE8
NVIC.HardFault_IRQn=true\:0\:0\:false\:false\:true\:false\:false
Mcu.Pin16=PE9
Mcu.Pin13=PG0
SH.FSMC_D11_DA11.0=FSMC_D11,16b-d1
Mcu.Pin14=PE7
Mcu.Pin19=PE12
SH.FSMC_NOE.0=FSMC_NOE,Lcd1
ProjectManager.ComputerToolchain=false
PF9.Signal=GPIO_Input
Mcu.Pin17=PE10
SH.FSMC_D2_DA2.ConfNb=1
Mcu.Pin18=PE11
SH.FSMC_D1_DA1.ConfNb=1
NVIC.PriorityGroup=NVIC_PRIORITYGROUP_3
ADC1.NbrOfConversionFlag=1
Mcu.Pin11=PB2
Mcu.Pin12=PF11
Mcu.Pin10=PB1
PE3.Signal=GPIO_Input
PA0-WKUP.GPIO_PuPd=GPIO_PULLDOWN
PB12.GPIO_PuPd=GPIO_PULLUP
PD9.Locked=true
RCC.APB1Freq_Value=36000000
PD1.Locked=true
PB0.Signal=GPIO_Output
ProjectManager.DeviceId=STM32F103ZETx
PB12.GPIOParameters=GPIO_Speed,PinState,GPIO_PuPd,GPIO_ModeDefaultOutputPP
PB12.Signal=GPIO_Output
PG7.GPIOParameters=GPIO_ModeDefaultOutputPP
ProjectManager.LibraryCopy=1
PB0.GPIO_PuPd=GPIO_PULLUP
PB1.GPIOParameters=GPIO_PuPd
SH.FSMC_D10_DA10.ConfNb=1
isbadioc=false
