#MicroXplorer Configuration settings - do not modify
Mcu.Family=STM32F4
SH.GPXTI1.0=GPIO_EXTI1
ProjectManager.MainLocation=Core/Src
VP_TIM5_VS_ClockSourceINT.Mode=Internal
PD12.GPIO_Label=LCD5110SDIN
ADC2.ExternalTrigConv=ADC_EXTERNALTRIGCONV_T3_TRGO
PH0-OSC_IN.Signal=RCC_OSC_IN
RCC.CortexFreq_Value=168000000
ProjectManager.KeepUserCode=true
Mcu.UserName=STM32F407ZGTx
ADC1.ContinuousConvMode=ENABLE
VP_TIM5_VS_ClockSourceINT.Signal=TIM5_VS_ClockSourceINT
ADC2.Channel-0\#ChannelRegularConversion=ADC_CHANNEL_13
PG2.Signal=GPIO_Output
PB4.GPIO_ModeDefaultEXTI=GPIO_MODE_IT_FALLING
PA10.GPIO_PuPd=GPIO_PULLDOWN
RCC.PLLCLKFreq_Value=168000000
PG2.Locked=true
RCC.PLLQCLKFreq_Value=84000000
PG3.GPIOParameters=GPIO_Speed,PinState,GPIO_Label
ProjectManager.functionlistsort=1-MX_GPIO_Init-GPIO-false-HAL-true,2-MX_DMA_Init-DMA-false-HAL-true,3-SystemClock_Config-RCC-false-HAL-false,4-MX_TIM3_Init-TIM3-false-HAL-true,5-MX_ADC1_Init-ADC1-false-HAL-true,6-MX_ADC2_Init-ADC2-false-HAL-true,7-MX_TIM4_Init-TIM4-false-HAL-true,8-MX_TIM5_Init-TIM5-false-HAL-true
PA9.GPIOParameters=GPIO_Speed,GPIO_Label
RCC.RTCFreq_Value=32000
PB6.GPIO_Label=COL1
PF10.GPIO_PuPd=GPIO_PULLUP
PF8.PinState=GPIO_PIN_SET
PG2.GPIOParameters=GPIO_Speed,GPIO_Label
PinOutPanel.RotationAngle=0
RCC.SYSCLKSource=RCC_SYSCLKSOURCE_PLLCLK
ProjectManager.StackSize=0x400
PG2.GPIO_Speed=GPIO_SPEED_FREQ_VERY_HIGH
PB5.GPIOParameters=GPIO_PuPd,GPIO_Label,GPIO_ModeDefaultEXTI
PD13.Signal=GPIO_Output
Mcu.IP4=RCC
RCC.FCLKCortexFreq_Value=168000000
Mcu.IP5=SYS
PD13.Locked=true
Mcu.IP2=DMA
NVIC.SVCall_IRQn=true\:0\:0\:false\:false\:true\:false\:false
Mcu.IP3=NVIC
PB4.GPIOParameters=GPIO_PuPd,GPIO_Label,GPIO_ModeDefaultEXTI
Mcu.IP0=ADC1
Mcu.IP1=ADC2
NVIC.EXTI1_IRQn=true\:0\:0\:true\:false\:true\:true\:true
PF9.Locked=true
Mcu.UserConstants=
ADC2.DMAContinuousRequests=ENABLE
NVIC.TIM5_IRQn=true\:1\:1\:true\:false\:true\:true\:true
Mcu.ThirdPartyNb=0
RCC.HCLKFreq_Value=168000000
Mcu.IPNb=9
RCC.I2SClocksFreq_Value=96000000
ProjectManager.PreviousToolchain=
RCC.APB2TimFreq_Value=168000000
TIM3.Period=2100-1
PB6.Signal=GPIO_Output
Dma.ADC1.0.Direction=DMA_PERIPH_TO_MEMORY
RCC.VcooutputI2S=96000000
PC3.Signal=ADCx_IN13
Mcu.Pin6=PH1-OSC_OUT
Mcu.Pin7=PC3
NVIC.DMA2_Stream0_IRQn=true\:0\:0\:false\:false\:true\:false\:true
Mcu.Pin8=PA0-WKUP
Mcu.Pin9=PA6
PE1.Signal=GPXTI1
ADC2.EOCSelection=ADC_EOC_SINGLE_CONV
Dma.ADC1.0.MemDataAlignment=DMA_MDATAALIGN_HALFWORD
PF10.GPIO_Label=LED2
RCC.AHBFreq_Value=168000000
PH0-OSC_IN.Mode=HSE-External-Oscillator
Mcu.Pin0=PC14-OSC32_IN
Mcu.Pin1=PC15-OSC32_OUT
TIM3.Channel-PWM\ Generation1\ CH1=TIM_CHANNEL_1
GPIO.groupedBy=Group By Peripherals
Mcu.Pin2=PF8
Mcu.Pin3=PF9
Mcu.Pin4=PF10
Mcu.Pin5=PH0-OSC_IN
ProjectManager.ProjectBuild=false
RCC.HSE_VALUE=8000000
NVIC.UsageFault_IRQn=true\:0\:0\:false\:false\:true\:false\:false
NVIC.DebugMonitor_IRQn=true\:0\:0\:false\:false\:true\:false\:false
NVIC.SysTick_IRQn=true\:0\:0\:false\:false\:true\:false\:true
ProjectManager.FirmwarePackage=STM32Cube FW_F4 V1.26.1
MxDb.Version=DB.6.0.21
Dma.ADC2.1.Instance=DMA2_Stream2
PA6.GPIO_PuPd=GPIO_NOPULL
PE0.GPIOParameters=GPIO_PuPd,GPIO_Label,GPIO_ModeDefaultEXTI
ProjectManager.BackupPrevious=false
PC14-OSC32_IN.Mode=LSE-External-Oscillator
RCC.VCOInputFreq_Value=1000000
PF8.GPIO_PuPd=GPIO_PULLUP
PA14.Mode=Serial_Wire
TIM3.Prescaler=2-1
Dma.ADC1.0.PeriphInc=DMA_PINC_DISABLE
File.Version=6
PA10.GPIO_Label=LCD5110GND
PF10.Locked=true
PB8.PinState=GPIO_PIN_RESET
SH.ADCx_IN13.ConfNb=1
PB7.Signal=GPIO_Output
PB8.Locked=true
Dma.ADC2.1.PeriphInc=DMA_PINC_DISABLE
SH.ADCx_IN0.0=ADC1_IN0,IN0
PE1.Locked=true
PB6.Locked=true
NVIC.PendSV_IRQn=true\:0\:0\:false\:false\:true\:false\:false
SH.S_TIM3_CH1.0=TIM3_CH1,PWM Generation1 CH1
TIM4.Period=1000-1
Dma.RequestsNb=2
PB6.GPIOParameters=PinState,GPIO_PuPd,GPIO_Label
ProjectManager.HalAssertFull=false
ProjectManager.ProjectName=BDS6_DCDCS
PB7.PinState=GPIO_PIN_RESET
Dma.ADC2.1.RequestParameters=Instance,Direction,PeriphInc,MemInc,PeriphDataAlignment,MemDataAlignment,Mode,Priority,FIFOMode
PH1-OSC_OUT.Mode=HSE-External-Oscillator
PB7.GPIO_Label=COL2
RCC.MCO2PinFreq_Value=168000000
PD13.GPIO_Label=LCD5110SCE
Mcu.Package=LQFP144
PB9.Signal=GPIO_Output
PA6.Signal=S_TIM3_CH1
PF8.GPIOParameters=PinState,GPIO_PuPd,GPIO_Label
PD12.Signal=GPIO_Output
ProjectManager.ToolChainLocation=
RCC.LSI_VALUE=32000
SH.GPXTI0.0=GPIO_EXTI0
VP_SYS_VS_Systick.Signal=SYS_VS_Systick
SH.GPXTI5.ConfNb=1
PA10.Signal=GPIO_Output
PB9.GPIO_PuPd=GPIO_PULLDOWN
PF8.Signal=GPIO_Output
ADC2.SamplingTime-0\#ChannelRegularConversion=ADC_SAMPLETIME_56CYCLES
PE0.GPIO_Label=ROW1
PA10.GPIO_Speed=GPIO_SPEED_FREQ_VERY_HIGH
RCC.APB2CLKDivider=RCC_HCLK_DIV2
PB5.GPIO_Label=ROW4
NVIC.DMA2_Stream2_IRQn=true\:0\:0\:false\:false\:true\:false\:true
ADC2.NbrOfConversion=1
Dma.Request1=ADC2
RCC.APB1TimFreq_Value=84000000
NVIC.BusFault_IRQn=true\:0\:0\:false\:false\:true\:false\:false
Dma.ADC1.0.FIFOMode=DMA_FIFOMODE_DISABLE
PA6.GPIO_Speed=GPIO_SPEED_FREQ_VERY_HIGH
ADC2.Rank-0\#ChannelRegularConversion=1
PF9.GPIO_PuPd=GPIO_PULLUP
Dma.Request0=ADC1
ADC1.EOCSelection=ADC_EOC_SINGLE_CONV
Dma.ADC2.1.PeriphDataAlignment=DMA_PDATAALIGN_HALFWORD
ProjectManager.CustomerFirmwarePackage=
VP_TIM3_VS_ClockSourceINT.Mode=Internal
TIM3.OCFastMode_PWM-PWM\ Generation1\ CH1=TIM_OCFAST_DISABLE
PB4.Signal=GPXTI4
PG2.GPIO_Label=LCD5110SCLK
PB5.GPIO_ModeDefaultEXTI=GPIO_MODE_IT_FALLING
PE0.GPIO_PuPd=GPIO_PULLUP
PA6.GPIOParameters=GPIO_Speed,GPIO_PuPd
PB7.GPIO_PuPd=GPIO_PULLDOWN
RCC.PLLSourceVirtual=RCC_PLLSOURCE_HSE
PC15-OSC32_OUT.Mode=LSE-External-Oscillator
NVIC.EXTI4_IRQn=true\:0\:0\:true\:false\:true\:true\:true
SH.GPXTI5.0=GPIO_EXTI5
ProjectManager.ProjectFileName=BDS6_DCDCS.ioc
SH.ADCx_IN13.0=ADC2_IN13,IN13
Dma.ADC1.0.Instance=DMA2_Stream0
PD12.GPIO_Speed=GPIO_SPEED_FREQ_VERY_HIGH
PB8.GPIOParameters=PinState,GPIO_PuPd,GPIO_Label
TIM5.IPParameters=Prescaler,Period
PB9.GPIO_Label=COL4
Mcu.PinsNb=30
TIM3.AutoReloadPreload=TIM_AUTORELOAD_PRELOAD_DISABLE
ProjectManager.NoMain=false
PG3.Signal=GPIO_Output
ADC1.IPParameters=Rank-1\#ChannelRegularConversion,master,Channel-1\#ChannelRegularConversion,SamplingTime-1\#ChannelRegularConversion,NbrOfConversionFlag,DMAContinuousRequests,ContinuousConvMode,EOCSelection,ExternalTrigConv
PG3.Locked=true
PA9.GPIO_Label=LCD5110DC
PB6.GPIO_PuPd=GPIO_PULLDOWN
PB8.GPIO_PuPd=GPIO_PULLDOWN
PD13.GPIOParameters=GPIO_Speed,PinState,GPIO_PuPd,GPIO_Label
SH.GPXTI0.ConfNb=1
ProjectManager.DefaultFWLocation=true
PE1.GPIO_PuPd=GPIO_PULLUP
ProjectManager.DeletePrevious=true
PE1.GPIO_ModeDefaultEXTI=GPIO_MODE_IT_FALLING
RCC.APB1CLKDivider=RCC_HCLK_DIV4
PC14-OSC32_IN.Signal=RCC_OSC32_IN
RCC.FamilyName=M
PA0-WKUP.Signal=ADCx_IN0
PF8.GPIO_Label=LED0
PB9.GPIOParameters=PinState,GPIO_PuPd,GPIO_Label
PD12.Locked=true
PA13.Signal=SYS_JTMS-SWDIO
PB8.GPIO_Label=COL3
Dma.ADC1.0.PeriphDataAlignment=DMA_PDATAALIGN_HALFWORD
TIM3.Pulse-PWM\ Generation1\ CH1=1-1
PD12.GPIOParameters=GPIO_Speed,GPIO_Label
VP_TIM4_VS_ClockSourceINT.Signal=TIM4_VS_ClockSourceINT
ProjectManager.TargetToolchain=STM32CubeIDE
TIM4.IPParameters=Prescaler,Period
Dma.ADC1.0.Mode=DMA_CIRCULAR
PF9.PinState=GPIO_PIN_SET
PB7.GPIOParameters=PinState,GPIO_PuPd,GPIO_Label
ADC2.IPParameters=Rank-0\#ChannelRegularConversion,Channel-0\#ChannelRegularConversion,SamplingTime-0\#ChannelRegularConversion,NbrOfConversionFlag,DMAContinuousRequests,EOCSelection,NbrOfConversion,ExternalTrigConv
PE0.GPIO_ModeDefaultEXTI=GPIO_MODE_IT_FALLING
Dma.ADC1.0.Priority=DMA_PRIORITY_HIGH
PA9.Signal=GPIO_Output
ADC1.Channel-1\#ChannelRegularConversion=ADC_CHANNEL_0
PB5.Locked=true
PB9.Locked=true
PB4.GPIO_PuPd=GPIO_PULLUP
ProjectManager.RegisterCallBack=
PE0.Locked=true
PF9.GPIO_Label=LED1
VP_TIM3_VS_ClockSourceINT.Signal=TIM3_VS_ClockSourceINT
TIM4.Prescaler=420-1
Dma.ADC2.1.Mode=DMA_CIRCULAR
PC15-OSC32_OUT.Signal=RCC_OSC32_OUT
RCC.VCOI2SOutputFreq_Value=192000000
Dma.ADC2.1.FIFOMode=DMA_FIFOMODE_DISABLE
board=custom
PD13.GPIO_Speed=GPIO_SPEED_FREQ_VERY_HIGH
RCC.VCOOutputFreq_Value=336000000
PE1.GPIO_Label=ROW2
ProjectManager.LastFirmware=true
NVIC.TIM3_IRQn=true\:1\:0\:true\:false\:true\:true\:true
Dma.ADC1.0.RequestParameters=Instance,Direction,PeriphInc,MemInc,PeriphDataAlignment,MemDataAlignment,Mode,Priority,FIFOMode
PG3.PinState=GPIO_PIN_RESET
RCC.APB2Freq_Value=84000000
MxCube.Version=6.2.1
PB4.GPIO_Label=ROW3
SH.ADCx_IN0.ConfNb=1
PF10.Signal=GPIO_Output
PA10.GPIOParameters=GPIO_Speed,GPIO_PuPd,GPIO_Label
VP_SYS_VS_Systick.Mode=SysTick
RCC.EthernetFreq_Value=168000000
TIM3.IPParameters=Channel-PWM Generation1 CH1,Prescaler,Period,AutoReloadPreload,OCFastMode_PWM-PWM Generation1 CH1,Pulse-PWM Generation1 CH1,TIM_MasterOutputTrigger
PH1-OSC_OUT.Signal=RCC_OSC_OUT
PD13.GPIO_PuPd=GPIO_NOPULL
PA9.Locked=true
NVIC.NonMaskableInt_IRQn=true\:0\:0\:false\:false\:true\:false\:false
ADC1.DMAContinuousRequests=ENABLE
Dma.ADC2.1.MemInc=DMA_MINC_ENABLE
PA13.Mode=Serial_Wire
ProjectManager.FreePins=false
RCC.IPParameters=48MHZClocksFreq_Value,AHBFreq_Value,APB1CLKDivider,APB1Freq_Value,APB1TimFreq_Value,APB2CLKDivider,APB2Freq_Value,APB2TimFreq_Value,CortexFreq_Value,EthernetFreq_Value,FCLKCortexFreq_Value,FamilyName,HCLKFreq_Value,HSE_VALUE,HSI_VALUE,I2SClocksFreq_Value,LSI_VALUE,MCO2PinFreq_Value,PLLCLKFreq_Value,PLLM,PLLN,PLLQCLKFreq_Value,PLLSourceVirtual,RTCFreq_Value,RTCHSEDivFreq_Value,SYSCLKFreq_VALUE,SYSCLKSource,VCOI2SOutputFreq_Value,VCOInputFreq_Value,VCOOutputFreq_Value,VcooutputI2S
ProjectManager.AskForMigrate=true
Mcu.Name=STM32F407Z(E-G)Tx
PE0.Signal=GPXTI0
PF9.GPIOParameters=PinState,GPIO_PuPd,GPIO_Label
Mcu.Pin26=VP_SYS_VS_Systick
Mcu.Pin27=VP_TIM3_VS_ClockSourceINT
RCC.RTCHSEDivFreq_Value=4000000
Mcu.Pin24=PE0
ProjectManager.UnderRoot=true
Mcu.Pin25=PE1
Mcu.IP8=TIM5
ADC1.ExternalTrigConv=ADC_EXTERNALTRIGCONV_T3_TRGO
Mcu.Pin28=VP_TIM4_VS_ClockSourceINT
Mcu.IP6=TIM3
Mcu.Pin29=VP_TIM5_VS_ClockSourceINT
Mcu.IP7=TIM4
ProjectManager.CoupleFile=false
PB4.Locked=true
RCC.48MHZClocksFreq_Value=84000000
NVIC.EXTI0_IRQn=true\:0\:0\:true\:false\:true\:true\:true
ADC1.SamplingTime-1\#ChannelRegularConversion=ADC_SAMPLETIME_56CYCLES
RCC.SYSCLKFreq_VALUE=168000000
Mcu.Pin22=PB8
PB5.Signal=GPXTI5
Dma.ADC2.1.Direction=DMA_PERIPH_TO_MEMORY
Mcu.Pin23=PB9
Mcu.Pin20=PB6
ADC1.master=1
Mcu.Pin21=PB7
SH.GPXTI4.0=GPIO_EXTI4
PA10.Locked=true
ADC2.NbrOfConversionFlag=1
NVIC.ForceEnableDMAVector=true
KeepUserPlacement=false
TIM5.Prescaler=420-1
PB5.GPIO_PuPd=GPIO_PULLUP
NVIC.MemoryManagement_IRQn=true\:0\:0\:false\:false\:true\:false\:false
ProjectManager.CompilerOptimize=6
PB6.PinState=GPIO_PIN_RESET
PB9.PinState=GPIO_PIN_RESET
ADC1.Rank-1\#ChannelRegularConversion=1
NVIC.EXTI9_5_IRQn=true\:0\:0\:true\:false\:true\:true\:true
PA14.Signal=SYS_JTCK-SWCLK
PG3.GPIO_Speed=GPIO_SPEED_FREQ_VERY_HIGH
Dma.ADC1.0.MemInc=DMA_MINC_ENABLE
ProjectManager.HeapSize=0x200
Mcu.Pin15=PA10
NVIC.HardFault_IRQn=true\:0\:0\:false\:false\:true\:false\:false
Mcu.Pin16=PA13
Mcu.Pin13=PG3
SH.GPXTI4.ConfNb=1
PF8.Locked=true
Mcu.Pin14=PA9
PF10.GPIOParameters=PinState,GPIO_PuPd,GPIO_Label
Mcu.Pin19=PB5
SH.S_TIM3_CH1.ConfNb=1
ProjectManager.ComputerToolchain=false
PF9.Signal=GPIO_Output
Mcu.Pin17=PA14
RCC.HSI_VALUE=16000000
Mcu.Pin18=PB4
VP_TIM4_VS_ClockSourceINT.Mode=Internal
NVIC.PriorityGroup=NVIC_PRIORITYGROUP_2
ADC1.NbrOfConversionFlag=1
Mcu.Pin11=PD13
Mcu.Pin12=PG2
Dma.ADC2.1.MemDataAlignment=DMA_MDATAALIGN_HALFWORD
RCC.PLLM=8
RCC.PLLN=336
Mcu.Pin10=PD12
PB7.Locked=true
PA9.GPIO_Speed=GPIO_SPEED_FREQ_VERY_HIGH
PB8.Signal=GPIO_Output
Dma.ADC2.1.Priority=DMA_PRIORITY_HIGH
TIM5.Period=10000-1
PD13.PinState=GPIO_PIN_RESET
TIM3.TIM_MasterOutputTrigger=TIM_TRGO_UPDATE
PG3.GPIO_Label=LCD5110RESET
SH.GPXTI1.ConfNb=1
NVIC.TIM4_IRQn=true\:1\:1\:true\:false\:true\:true\:true
RCC.APB1Freq_Value=42000000
PF10.PinState=GPIO_PIN_SET
ProjectManager.DeviceId=STM32F407ZGTx
ProjectManager.LibraryCopy=1
PE1.GPIOParameters=GPIO_PuPd,GPIO_Label,GPIO_ModeDefaultEXTI
isbadioc=false
